
Microsoft Visual Studio Solution File, Format Version 12.00
# Visual Studio Version 17
VisualStudioVersion = 17.8.34309.116
MinimumVisualStudioVersion = 10.0.40219.1
Project("{9A19103F-16F7-4668-BE54-9A1E7A4F7556}") = "Digbyswift.InterviewDec2023.UI", "Digbyswift.InterviewDec2023.UI\Digbyswift.InterviewDec2023.UI.csproj", "{00D9ED71-6ACF-41B1-9764-05CE3BE7B6A2}"
	ProjectSection(ProjectDependencies) = postProject
		{770D8E14-DBA6-4FFB-B7C7-E1F677ED5E41} = {770D8E14-DBA6-4FFB-B7C7-E1F677ED5E41}
	EndProjectSection
EndProject
Project("{9A19103F-16F7-4668-BE54-9A1E7A4F7556}") = "Digbyswift.InterviewDec2023.Infrastructure", "Digbyswift.InterviewDec2023.Infrastructure\Digbyswift.InterviewDec2023.Infrastructure.csproj", "{770D8E14-DBA6-4FFB-B7C7-E1F677ED5E41}"
EndProject
Project("{FAE04EC0-301F-11D3-BF4B-00C04F79EFBC}") = "DigbySwiftUnitTests", "DigbySwiftUnitTests\DigbySwiftUnitTests.csproj", "{7B8F6AB2-C778-45B1-AFE9-396C723BDCDC}"
EndProject
Global
	GlobalSection(SolutionConfigurationPlatforms) = preSolution
		Debug|Any CPU = Debug|Any CPU
		Release|Any CPU = Release|Any CPU
	EndGlobalSection
	GlobalSection(ProjectConfigurationPlatforms) = postSolution
		{00D9ED71-6ACF-41B1-9764-05CE3BE7B6A2}.Debug|Any CPU.ActiveCfg = Debug|Any CPU
		{00D9ED71-6ACF-41B1-9764-05CE3BE7B6A2}.Debug|Any CPU.Build.0 = Debug|Any CPU
		{00D9ED71-6ACF-41B1-9764-05CE3BE7B6A2}.Release|Any CPU.ActiveCfg = Release|Any CPU
		{00D9ED71-6ACF-41B1-9764-05CE3BE7B6A2}.Release|Any CPU.Build.0 = Release|Any CPU
		{770D8E14-DBA6-4FFB-B7C7-E1F677ED5E41}.Debug|Any CPU.ActiveCfg = Debug|Any CPU
		{770D8E14-DBA6-4FFB-B7C7-E1F677ED5E41}.Debug|Any CPU.Build.0 = Debug|Any CPU
		{770D8E14-DBA6-4FFB-B7C7-E1F677ED5E41}.Release|Any CPU.ActiveCfg = Release|Any CPU
		{770D8E14-DBA6-4FFB-B7C7-E1F677ED5E41}.Release|Any CPU.Build.0 = Release|Any CPU
		{7B8F6AB2-C778-45B1-AFE9-396C723BDCDC}.Debug|Any CPU.ActiveCfg = Debug|Any CPU
		{7B8F6AB2-C778-45B1-AFE9-396C723BDCDC}.Debug|Any CPU.Build.0 = Debug|Any CPU
		{7B8F6AB2-C778-45B1-AFE9-396C723BDCDC}.Release|Any CPU.ActiveCfg = Release|Any CPU
		{7B8F6AB2-C778-45B1-AFE9-396C723BDCDC}.Release|Any CPU.Build.0 = Release|Any CPU
	EndGlobalSection
	GlobalSection(SolutionProperties) = preSolution
		HideSolutionNode = FALSE
	EndGlobalSection
	GlobalSection(ExtensibilityGlobals) = postSolution
		SolutionGuid = {A51B9606-B621-44BE-B613-5761553B2E3F}
	EndGlobalSection
EndGlobal
